
Microsoft Visual Studio Solution File, Format Version 12.00
# Visual Studio Version 17
VisualStudioVersion = 17.12.35527.113 d17.12
MinimumVisualStudioVersion = 10.0.40219.1
Project("{FAE04EC0-301F-11D3-BF4B-00C04F79EFBC}") = "Job_Portal", "Job_Portal\Job_Portal.csproj", "{935CB2BA-9214-4E16-A950-09A378BD7C16}"
EndProject
Global
	GlobalSection(SolutionConfigurationPlatforms) = preSolution
		Debug|Any CPU = Debug|Any CPU
		Release|Any CPU = Release|Any CPU
	EndGlobalSection
	GlobalSection(ProjectConfigurationPlatforms) = postSolution
		{935CB2BA-9214-4E16-A950-09A378BD7C16}.Debug|Any CPU.ActiveCfg = Debug|Any CPU
		{935CB2BA-9214-4E16-A950-09A378BD7C16}.Debug|Any CPU.Build.0 = Debug|Any CPU
		{935CB2BA-9214-4E16-A950-09A378BD7C16}.Release|Any CPU.ActiveCfg = Release|Any CPU
		{935CB2BA-9214-4E16-A950-09A378BD7C16}.Release|Any CPU.Build.0 = Release|Any CPU
	EndGlobalSection
	GlobalSection(SolutionProperties) = preSolution
		HideSolutionNode = FALSE
	EndGlobalSection
EndGlobal
